
Microsoft Visual Studio Solution File, Format Version 12.00
# Visual Studio Version 17
VisualStudioVersion = 17.14.36518.9 d17.14
MinimumVisualStudioVersion = 10.0.40219.1
Project("{FAE04EC0-301F-11D3-BF4B-00C04F79EFBC}") = "Baciu_Dora_Lab1", "Baciu_Dora_Lab1.csproj", "{03C0EE25-93CF-4908-9AFA-7C3AB198C7B2}"
EndProject
Global
	GlobalSection(SolutionConfigurationPlatforms) = preSolution
		Debug|Any CPU = Debug|Any CPU
		Release|Any CPU = Release|Any CPU
	EndGlobalSection
	GlobalSection(ProjectConfigurationPlatforms) = postSolution
		{03C0EE25-93CF-4908-9AFA-7C3AB198C7B2}.Debug|Any CPU.ActiveCfg = Debug|Any CPU
		{03C0EE25-93CF-4908-9AFA-7C3AB198C7B2}.Debug|Any CPU.Build.0 = Debug|Any CPU
		{03C0EE25-93CF-4908-9AFA-7C3AB198C7B2}.Release|Any CPU.ActiveCfg = Release|Any CPU
		{03C0EE25-93CF-4908-9AFA-7C3AB198C7B2}.Release|Any CPU.Build.0 = Release|Any CPU
	EndGlobalSection
	GlobalSection(SolutionProperties) = preSolution
		HideSolutionNode = FALSE
	EndGlobalSection
	GlobalSection(ExtensibilityGlobals) = postSolution
		SolutionGuid = {C1988EAB-DFC3-482D-819F-37404C92DA77}
	EndGlobalSection
EndGlobal
